
Microsoft Visual Studio Solution File, Format Version 12.00
# Visual Studio Version 16
VisualStudioVersion = 16.0.29613.14
MinimumVisualStudioVersion = 10.0.40219.1
Project("{FAE04EC0-301F-11D3-BF4B-00C04F79EFBC}") = "classes-week2", "classes-week2\classes-week2.csproj", "{EE512776-0BAF-490E-9CF5-F09DE4522904}"
EndProject
Global
	GlobalSection(SolutionConfigurationPlatforms) = preSolution
		Debug|Any CPU = Debug|Any CPU
		Release|Any CPU = Release|Any CPU
	EndGlobalSection
	GlobalSection(ProjectConfigurationPlatforms) = postSolution
		{EE512776-0BAF-490E-9CF5-F09DE4522904}.Debug|Any CPU.ActiveCfg = Debug|Any CPU
		{EE512776-0BAF-490E-9CF5-F09DE4522904}.Debug|Any CPU.Build.0 = Debug|Any CPU
		{EE512776-0BAF-490E-9CF5-F09DE4522904}.Release|Any CPU.ActiveCfg = Release|Any CPU
		{EE512776-0BAF-490E-9CF5-F09DE4522904}.Release|Any CPU.Build.0 = Release|Any CPU
	EndGlobalSection
	GlobalSection(SolutionProperties) = preSolution
		HideSolutionNode = FALSE
	EndGlobalSection
	GlobalSection(ExtensibilityGlobals) = postSolution
		SolutionGuid = {ECFF9414-605B-4C3B-9A5B-A03181A01AEE}
	EndGlobalSection
EndGlobal
