
Microsoft Visual Studio Solution File, Format Version 12.00
# Visual Studio Version 16
VisualStudioVersion = 16.0.29613.14
MinimumVisualStudioVersion = 10.0.40219.1
Project("{FAE04EC0-301F-11D3-BF4B-00C04F79EFBC}") = "fortunePredictor", "fortunePredictor\fortunePredictor.csproj", "{442582DD-1A6C-409D-8419-3B8D1B701A7C}"
EndProject
Global
	GlobalSection(SolutionConfigurationPlatforms) = preSolution
		Debug|Any CPU = Debug|Any CPU
		Release|Any CPU = Release|Any CPU
	EndGlobalSection
	GlobalSection(ProjectConfigurationPlatforms) = postSolution
		{442582DD-1A6C-409D-8419-3B8D1B701A7C}.Debug|Any CPU.ActiveCfg = Debug|Any CPU
		{442582DD-1A6C-409D-8419-3B8D1B701A7C}.Debug|Any CPU.Build.0 = Debug|Any CPU
		{442582DD-1A6C-409D-8419-3B8D1B701A7C}.Release|Any CPU.ActiveCfg = Release|Any CPU
		{442582DD-1A6C-409D-8419-3B8D1B701A7C}.Release|Any CPU.Build.0 = Release|Any CPU
	EndGlobalSection
	GlobalSection(SolutionProperties) = preSolution
		HideSolutionNode = FALSE
	EndGlobalSection
	GlobalSection(ExtensibilityGlobals) = postSolution
		SolutionGuid = {89133BE7-F287-4329-9E6A-7EB787BCBE44}
	EndGlobalSection
EndGlobal
