
Microsoft Visual Studio Solution File, Format Version 12.00
# Visual Studio Version 16
VisualStudioVersion = 16.0.29613.14
MinimumVisualStudioVersion = 10.0.40219.1
Project("{FAE04EC0-301F-11D3-BF4B-00C04F79EFBC}") = "SlotMachine", "SlotMachine\SlotMachine.csproj", "{97662117-A8B5-4B6C-8151-392618F194E3}"
EndProject
Global
	GlobalSection(SolutionConfigurationPlatforms) = preSolution
		Debug|Any CPU = Debug|Any CPU
		Release|Any CPU = Release|Any CPU
	EndGlobalSection
	GlobalSection(ProjectConfigurationPlatforms) = postSolution
		{97662117-A8B5-4B6C-8151-392618F194E3}.Debug|Any CPU.ActiveCfg = Debug|Any CPU
		{97662117-A8B5-4B6C-8151-392618F194E3}.Debug|Any CPU.Build.0 = Debug|Any CPU
		{97662117-A8B5-4B6C-8151-392618F194E3}.Release|Any CPU.ActiveCfg = Release|Any CPU
		{97662117-A8B5-4B6C-8151-392618F194E3}.Release|Any CPU.Build.0 = Release|Any CPU
	EndGlobalSection
	GlobalSection(SolutionProperties) = preSolution
		HideSolutionNode = FALSE
	EndGlobalSection
	GlobalSection(ExtensibilityGlobals) = postSolution
		SolutionGuid = {2AB80DF5-35CD-403C-AB40-541EA4650D7E}
	EndGlobalSection
EndGlobal
